
Microsoft Visual Studio Solution File, Format Version 11.00
# Visual Studio 2010
Project("{FAE04EC0-301F-11D3-BF4B-00C04F79EFBC}") = "SeriousGame", "SeriousGame\SeriousGame\SeriousGame.csproj", "{3CCBBAD2-BD5B-4AD7-8C80-8BCA574A3E66}"
EndProject
Project("{FAE04EC0-301F-11D3-BF4B-00C04F79EFBC}") = "SeriousGameContent", "SeriousGame\SeriousGameContent\SeriousGameContent.contentproj", "{F8DB7506-A3DD-4013-A500-CB025ECA0A26}"
EndProject
Project("{FAE04EC0-301F-11D3-BF4B-00C04F79EFBC}") = "Fotograaf", "Fotograaf\Fotograaf.csproj", "{54CDCF7A-FC4F-4F76-9CAE-A98D6896818E}"
EndProject
Project("{FAE04EC0-301F-11D3-BF4B-00C04F79EFBC}") = "SeriousGameLib", "SeriousGameLib\SeriousGameLib.csproj", "{DCB00360-DD9F-43F8-8E25-43994262873C}"
EndProject
Project("{FAE04EC0-301F-11D3-BF4B-00C04F79EFBC}") = "Kantoor3D", "Kantoor3D\Kantoor3D.csproj", "{2242F323-2F8C-4F39-AC26-1DA261E2A104}"
EndProject
Project("{FAE04EC0-301F-11D3-BF4B-00C04F79EFBC}") = "Ontwerpen", "Ontwerpen\Ontwerpen.csproj", "{5A42CC70-1271-46F4-B74C-35DAF0A2C0D3}"
EndProject
Project("{FAE04EC0-301F-11D3-BF4B-00C04F79EFBC}") = "Uitnodiging", "Uitnodiging\Uitnodiging.csproj", "{20DBB575-D84C-4D8F-9715-E885C85D0299}"
EndProject
Project("{FAE04EC0-301F-11D3-BF4B-00C04F79EFBC}") = "Schilder", "Schilder\Schilder.csproj", "{C31DCBEC-4AC3-48BB-8AE8-E323DC887FC4}"
EndProject
Project("{FAE04EC0-301F-11D3-BF4B-00C04F79EFBC}") = "Aflevering", "Aflevering\Aflevering.csproj", "{8B39729F-6C28-438C-A936-1C5797CA4D42}"
EndProject
Project("{FAE04EC0-301F-11D3-BF4B-00C04F79EFBC}") = "Menu", "Menu\Menu.csproj", "{DD41718E-23D8-4E05-B879-63B88BD6A5AC}"
EndProject
Project("{6141683F-8A12-4E36-9623-2EB02B2C2303}") = "SeriousGameSetup", "SeriousGameSetup\SeriousGameSetup.isproj", "{35E2B05F-477B-4223-9F2B-A16B82203BCC}"
EndProject
Global
	GlobalSection(SubversionScc) = preSolution
		Svn-Managed = True
		Manager = AnkhSVN - Subversion Support for Visual Studio
	EndGlobalSection
	GlobalSection(SolutionConfigurationPlatforms) = preSolution
		CD_ROM|Any CPU = CD_ROM|Any CPU
		CD_ROM|Mixed Platforms = CD_ROM|Mixed Platforms
		CD_ROM|x86 = CD_ROM|x86
		Debug|Any CPU = Debug|Any CPU
		Debug|Mixed Platforms = Debug|Mixed Platforms
		Debug|x86 = Debug|x86
		DVD-5|Any CPU = DVD-5|Any CPU
		DVD-5|Mixed Platforms = DVD-5|Mixed Platforms
		DVD-5|x86 = DVD-5|x86
		Release|Any CPU = Release|Any CPU
		Release|Mixed Platforms = Release|Mixed Platforms
		Release|x86 = Release|x86
		SingleImage|Any CPU = SingleImage|Any CPU
		SingleImage|Mixed Platforms = SingleImage|Mixed Platforms
		SingleImage|x86 = SingleImage|x86
	EndGlobalSection
	GlobalSection(ProjectConfigurationPlatforms) = postSolution
		{3CCBBAD2-BD5B-4AD7-8C80-8BCA574A3E66}.CD_ROM|Any CPU.ActiveCfg = Release|x86
		{3CCBBAD2-BD5B-4AD7-8C80-8BCA574A3E66}.CD_ROM|Mixed Platforms.ActiveCfg = Release|x86
		{3CCBBAD2-BD5B-4AD7-8C80-8BCA574A3E66}.CD_ROM|Mixed Platforms.Build.0 = Release|x86
		{3CCBBAD2-BD5B-4AD7-8C80-8BCA574A3E66}.CD_ROM|x86.ActiveCfg = Release|x86
		{3CCBBAD2-BD5B-4AD7-8C80-8BCA574A3E66}.CD_ROM|x86.Build.0 = Release|x86
		{3CCBBAD2-BD5B-4AD7-8C80-8BCA574A3E66}.Debug|Any CPU.ActiveCfg = Debug|x86
		{3CCBBAD2-BD5B-4AD7-8C80-8BCA574A3E66}.Debug|Mixed Platforms.ActiveCfg = Debug|x86
		{3CCBBAD2-BD5B-4AD7-8C80-8BCA574A3E66}.Debug|Mixed Platforms.Build.0 = Debug|x86
		{3CCBBAD2-BD5B-4AD7-8C80-8BCA574A3E66}.Debug|x86.ActiveCfg = Debug|x86
		{3CCBBAD2-BD5B-4AD7-8C80-8BCA574A3E66}.Debug|x86.Build.0 = Debug|x86
		{3CCBBAD2-BD5B-4AD7-8C80-8BCA574A3E66}.DVD-5|Any CPU.ActiveCfg = Debug|x86
		{3CCBBAD2-BD5B-4AD7-8C80-8BCA574A3E66}.DVD-5|Mixed Platforms.ActiveCfg = Debug|x86
		{3CCBBAD2-BD5B-4AD7-8C80-8BCA574A3E66}.DVD-5|Mixed Platforms.Build.0 = Debug|x86
		{3CCBBAD2-BD5B-4AD7-8C80-8BCA574A3E66}.DVD-5|x86.ActiveCfg = Debug|x86
		{3CCBBAD2-BD5B-4AD7-8C80-8BCA574A3E66}.DVD-5|x86.Build.0 = Debug|x86
		{3CCBBAD2-BD5B-4AD7-8C80-8BCA574A3E66}.Release|Any CPU.ActiveCfg = Release|x86
		{3CCBBAD2-BD5B-4AD7-8C80-8BCA574A3E66}.Release|Mixed Platforms.ActiveCfg = Release|x86
		{3CCBBAD2-BD5B-4AD7-8C80-8BCA574A3E66}.Release|Mixed Platforms.Build.0 = Release|x86
		{3CCBBAD2-BD5B-4AD7-8C80-8BCA574A3E66}.Release|x86.ActiveCfg = Release|x86
		{3CCBBAD2-BD5B-4AD7-8C80-8BCA574A3E66}.Release|x86.Build.0 = Release|x86
		{3CCBBAD2-BD5B-4AD7-8C80-8BCA574A3E66}.SingleImage|Any CPU.ActiveCfg = Release|x86
		{3CCBBAD2-BD5B-4AD7-8C80-8BCA574A3E66}.SingleImage|Mixed Platforms.ActiveCfg = Release|x86
		{3CCBBAD2-BD5B-4AD7-8C80-8BCA574A3E66}.SingleImage|Mixed Platforms.Build.0 = Release|x86
		{3CCBBAD2-BD5B-4AD7-8C80-8BCA574A3E66}.SingleImage|x86.ActiveCfg = Release|x86
		{3CCBBAD2-BD5B-4AD7-8C80-8BCA574A3E66}.SingleImage|x86.Build.0 = Release|x86
		{F8DB7506-A3DD-4013-A500-CB025ECA0A26}.CD_ROM|Any CPU.ActiveCfg = Release|x86
		{F8DB7506-A3DD-4013-A500-CB025ECA0A26}.CD_ROM|Mixed Platforms.ActiveCfg = Release|x86
		{F8DB7506-A3DD-4013-A500-CB025ECA0A26}.CD_ROM|x86.ActiveCfg = Release|x86
		{F8DB7506-A3DD-4013-A500-CB025ECA0A26}.Debug|Any CPU.ActiveCfg = Debug|x86
		{F8DB7506-A3DD-4013-A500-CB025ECA0A26}.Debug|Mixed Platforms.ActiveCfg = Debug|x86
		{F8DB7506-A3DD-4013-A500-CB025ECA0A26}.Debug|Mixed Platforms.Build.0 = Debug|x86
		{F8DB7506-A3DD-4013-A500-CB025ECA0A26}.Debug|x86.ActiveCfg = Debug|x86
		{F8DB7506-A3DD-4013-A500-CB025ECA0A26}.DVD-5|Any CPU.ActiveCfg = Debug|x86
		{F8DB7506-A3DD-4013-A500-CB025ECA0A26}.DVD-5|Mixed Platforms.ActiveCfg = Debug|x86
		{F8DB7506-A3DD-4013-A500-CB025ECA0A26}.DVD-5|x86.ActiveCfg = Debug|x86
		{F8DB7506-A3DD-4013-A500-CB025ECA0A26}.Release|Any CPU.ActiveCfg = Release|x86
		{F8DB7506-A3DD-4013-A500-CB025ECA0A26}.Release|Mixed Platforms.ActiveCfg = Release|x86
		{F8DB7506-A3DD-4013-A500-CB025ECA0A26}.Release|x86.ActiveCfg = Release|x86
		{F8DB7506-A3DD-4013-A500-CB025ECA0A26}.SingleImage|Any CPU.ActiveCfg = Release|x86
		{F8DB7506-A3DD-4013-A500-CB025ECA0A26}.SingleImage|Mixed Platforms.ActiveCfg = Release|x86
		{F8DB7506-A3DD-4013-A500-CB025ECA0A26}.SingleImage|x86.ActiveCfg = Release|x86
		{54CDCF7A-FC4F-4F76-9CAE-A98D6896818E}.CD_ROM|Any CPU.ActiveCfg = Release|x86
		{54CDCF7A-FC4F-4F76-9CAE-A98D6896818E}.CD_ROM|Mixed Platforms.ActiveCfg = Release|x86
		{54CDCF7A-FC4F-4F76-9CAE-A98D6896818E}.CD_ROM|Mixed Platforms.Build.0 = Release|x86
		{54CDCF7A-FC4F-4F76-9CAE-A98D6896818E}.CD_ROM|x86.ActiveCfg = Release|x86
		{54CDCF7A-FC4F-4F76-9CAE-A98D6896818E}.CD_ROM|x86.Build.0 = Release|x86
		{54CDCF7A-FC4F-4F76-9CAE-A98D6896818E}.Debug|Any CPU.ActiveCfg = Debug|x86
		{54CDCF7A-FC4F-4F76-9CAE-A98D6896818E}.Debug|Mixed Platforms.ActiveCfg = Debug|x86
		{54CDCF7A-FC4F-4F76-9CAE-A98D6896818E}.Debug|Mixed Platforms.Build.0 = Debug|x86
		{54CDCF7A-FC4F-4F76-9CAE-A98D6896818E}.Debug|x86.ActiveCfg = Debug|x86
		{54CDCF7A-FC4F-4F76-9CAE-A98D6896818E}.Debug|x86.Build.0 = Debug|x86
		{54CDCF7A-FC4F-4F76-9CAE-A98D6896818E}.DVD-5|Any CPU.ActiveCfg = Debug|x86
		{54CDCF7A-FC4F-4F76-9CAE-A98D6896818E}.DVD-5|Mixed Platforms.ActiveCfg = Debug|x86
		{54CDCF7A-FC4F-4F76-9CAE-A98D6896818E}.DVD-5|Mixed Platforms.Build.0 = Debug|x86
		{54CDCF7A-FC4F-4F76-9CAE-A98D6896818E}.DVD-5|x86.ActiveCfg = Debug|x86
		{54CDCF7A-FC4F-4F76-9CAE-A98D6896818E}.DVD-5|x86.Build.0 = Debug|x86
		{54CDCF7A-FC4F-4F76-9CAE-A98D6896818E}.Release|Any CPU.ActiveCfg = Release|x86
		{54CDCF7A-FC4F-4F76-9CAE-A98D6896818E}.Release|Mixed Platforms.ActiveCfg = Release|x86
		{54CDCF7A-FC4F-4F76-9CAE-A98D6896818E}.Release|Mixed Platforms.Build.0 = Release|x86
		{54CDCF7A-FC4F-4F76-9CAE-A98D6896818E}.Release|x86.ActiveCfg = Release|x86
		{54CDCF7A-FC4F-4F76-9CAE-A98D6896818E}.Release|x86.Build.0 = Release|x86
		{54CDCF7A-FC4F-4F76-9CAE-A98D6896818E}.SingleImage|Any CPU.ActiveCfg = Release|x86
		{54CDCF7A-FC4F-4F76-9CAE-A98D6896818E}.SingleImage|Mixed Platforms.ActiveCfg = Release|x86
		{54CDCF7A-FC4F-4F76-9CAE-A98D6896818E}.SingleImage|Mixed Platforms.Build.0 = Release|x86
		{54CDCF7A-FC4F-4F76-9CAE-A98D6896818E}.SingleImage|x86.ActiveCfg = Release|x86
		{54CDCF7A-FC4F-4F76-9CAE-A98D6896818E}.SingleImage|x86.Build.0 = Release|x86
		{DCB00360-DD9F-43F8-8E25-43994262873C}.CD_ROM|Any CPU.ActiveCfg = Release|x86
		{DCB00360-DD9F-43F8-8E25-43994262873C}.CD_ROM|Mixed Platforms.ActiveCfg = Release|x86
		{DCB00360-DD9F-43F8-8E25-43994262873C}.CD_ROM|Mixed Platforms.Build.0 = Release|x86
		{DCB00360-DD9F-43F8-8E25-43994262873C}.CD_ROM|x86.ActiveCfg = Release|x86
		{DCB00360-DD9F-43F8-8E25-43994262873C}.CD_ROM|x86.Build.0 = Release|x86
		{DCB00360-DD9F-43F8-8E25-43994262873C}.Debug|Any CPU.ActiveCfg = Debug|x86
		{DCB00360-DD9F-43F8-8E25-43994262873C}.Debug|Mixed Platforms.ActiveCfg = Debug|x86
		{DCB00360-DD9F-43F8-8E25-43994262873C}.Debug|Mixed Platforms.Build.0 = Debug|x86
		{DCB00360-DD9F-43F8-8E25-43994262873C}.Debug|x86.ActiveCfg = Debug|x86
		{DCB00360-DD9F-43F8-8E25-43994262873C}.Debug|x86.Build.0 = Debug|x86
		{DCB00360-DD9F-43F8-8E25-43994262873C}.DVD-5|Any CPU.ActiveCfg = Debug|x86
		{DCB00360-DD9F-43F8-8E25-43994262873C}.DVD-5|Mixed Platforms.ActiveCfg = Debug|x86
		{DCB00360-DD9F-43F8-8E25-43994262873C}.DVD-5|Mixed Platforms.Build.0 = Debug|x86
		{DCB00360-DD9F-43F8-8E25-43994262873C}.DVD-5|x86.ActiveCfg = Debug|x86
		{DCB00360-DD9F-43F8-8E25-43994262873C}.DVD-5|x86.Build.0 = Debug|x86
		{DCB00360-DD9F-43F8-8E25-43994262873C}.Release|Any CPU.ActiveCfg = Release|x86
		{DCB00360-DD9F-43F8-8E25-43994262873C}.Release|Mixed Platforms.ActiveCfg = Release|x86
		{DCB00360-DD9F-43F8-8E25-43994262873C}.Release|Mixed Platforms.Build.0 = Release|x86
		{DCB00360-DD9F-43F8-8E25-43994262873C}.Release|x86.ActiveCfg = Release|x86
		{DCB00360-DD9F-43F8-8E25-43994262873C}.Release|x86.Build.0 = Release|x86
		{DCB00360-DD9F-43F8-8E25-43994262873C}.SingleImage|Any CPU.ActiveCfg = Release|x86
		{DCB00360-DD9F-43F8-8E25-43994262873C}.SingleImage|Mixed Platforms.ActiveCfg = Release|x86
		{DCB00360-DD9F-43F8-8E25-43994262873C}.SingleImage|Mixed Platforms.Build.0 = Release|x86
		{DCB00360-DD9F-43F8-8E25-43994262873C}.SingleImage|x86.ActiveCfg = Release|x86
		{DCB00360-DD9F-43F8-8E25-43994262873C}.SingleImage|x86.Build.0 = Release|x86
		{2242F323-2F8C-4F39-AC26-1DA261E2A104}.CD_ROM|Any CPU.ActiveCfg = Release|x86
		{2242F323-2F8C-4F39-AC26-1DA261E2A104}.CD_ROM|Mixed Platforms.ActiveCfg = Release|x86
		{2242F323-2F8C-4F39-AC26-1DA261E2A104}.CD_ROM|Mixed Platforms.Build.0 = Release|x86
		{2242F323-2F8C-4F39-AC26-1DA261E2A104}.CD_ROM|x86.ActiveCfg = Release|x86
		{2242F323-2F8C-4F39-AC26-1DA261E2A104}.CD_ROM|x86.Build.0 = Release|x86
		{2242F323-2F8C-4F39-AC26-1DA261E2A104}.Debug|Any CPU.ActiveCfg = Debug|x86
		{2242F323-2F8C-4F39-AC26-1DA261E2A104}.Debug|Mixed Platforms.ActiveCfg = Debug|x86
		{2242F323-2F8C-4F39-AC26-1DA261E2A104}.Debug|Mixed Platforms.Build.0 = Debug|x86
		{2242F323-2F8C-4F39-AC26-1DA261E2A104}.Debug|x86.ActiveCfg = Debug|x86
		{2242F323-2F8C-4F39-AC26-1DA261E2A104}.Debug|x86.Build.0 = Debug|x86
		{2242F323-2F8C-4F39-AC26-1DA261E2A104}.DVD-5|Any CPU.ActiveCfg = Debug|x86
		{2242F323-2F8C-4F39-AC26-1DA261E2A104}.DVD-5|Mixed Platforms.ActiveCfg = Debug|x86
		{2242F323-2F8C-4F39-AC26-1DA261E2A104}.DVD-5|Mixed Platforms.Build.0 = Debug|x86
		{2242F323-2F8C-4F39-AC26-1DA261E2A104}.DVD-5|x86.ActiveCfg = Debug|x86
		{2242F323-2F8C-4F39-AC26-1DA261E2A104}.DVD-5|x86.Build.0 = Debug|x86
		{2242F323-2F8C-4F39-AC26-1DA261E2A104}.Release|Any CPU.ActiveCfg = Release|x86
		{2242F323-2F8C-4F39-AC26-1DA261E2A104}.Release|Mixed Platforms.ActiveCfg = Release|x86
		{2242F323-2F8C-4F39-AC26-1DA261E2A104}.Release|Mixed Platforms.Build.0 = Release|x86
		{2242F323-2F8C-4F39-AC26-1DA261E2A104}.Release|x86.ActiveCfg = Release|x86
		{2242F323-2F8C-4F39-AC26-1DA261E2A104}.Release|x86.Build.0 = Release|x86
		{2242F323-2F8C-4F39-AC26-1DA261E2A104}.SingleImage|Any CPU.ActiveCfg = Release|x86
		{2242F323-2F8C-4F39-AC26-1DA261E2A104}.SingleImage|Mixed Platforms.ActiveCfg = Release|x86
		{2242F323-2F8C-4F39-AC26-1DA261E2A104}.SingleImage|Mixed Platforms.Build.0 = Release|x86
		{2242F323-2F8C-4F39-AC26-1DA261E2A104}.SingleImage|x86.ActiveCfg = Release|x86
		{2242F323-2F8C-4F39-AC26-1DA261E2A104}.SingleImage|x86.Build.0 = Release|x86
		{5A42CC70-1271-46F4-B74C-35DAF0A2C0D3}.CD_ROM|Any CPU.ActiveCfg = Release|x86
		{5A42CC70-1271-46F4-B74C-35DAF0A2C0D3}.CD_ROM|Mixed Platforms.ActiveCfg = Release|x86
		{5A42CC70-1271-46F4-B74C-35DAF0A2C0D3}.CD_ROM|Mixed Platforms.Build.0 = Release|x86
		{5A42CC70-1271-46F4-B74C-35DAF0A2C0D3}.CD_ROM|x86.ActiveCfg = Release|x86
		{5A42CC70-1271-46F4-B74C-35DAF0A2C0D3}.CD_ROM|x86.Build.0 = Release|x86
		{5A42CC70-1271-46F4-B74C-35DAF0A2C0D3}.Debug|Any CPU.ActiveCfg = Debug|x86
		{5A42CC70-1271-46F4-B74C-35DAF0A2C0D3}.Debug|Mixed Platforms.ActiveCfg = Debug|x86
		{5A42CC70-1271-46F4-B74C-35DAF0A2C0D3}.Debug|Mixed Platforms.Build.0 = Debug|x86
		{5A42CC70-1271-46F4-B74C-35DAF0A2C0D3}.Debug|x86.ActiveCfg = Debug|x86
		{5A42CC70-1271-46F4-B74C-35DAF0A2C0D3}.Debug|x86.Build.0 = Debug|x86
		{5A42CC70-1271-46F4-B74C-35DAF0A2C0D3}.DVD-5|Any CPU.ActiveCfg = Debug|x86
		{5A42CC70-1271-46F4-B74C-35DAF0A2C0D3}.DVD-5|Mixed Platforms.ActiveCfg = Debug|x86
		{5A42CC70-1271-46F4-B74C-35DAF0A2C0D3}.DVD-5|Mixed Platforms.Build.0 = Debug|x86
		{5A42CC70-1271-46F4-B74C-35DAF0A2C0D3}.DVD-5|x86.ActiveCfg = Debug|x86
		{5A42CC70-1271-46F4-B74C-35DAF0A2C0D3}.DVD-5|x86.Build.0 = Debug|x86
		{5A42CC70-1271-46F4-B74C-35DAF0A2C0D3}.Release|Any CPU.ActiveCfg = Release|x86
		{5A42CC70-1271-46F4-B74C-35DAF0A2C0D3}.Release|Mixed Platforms.ActiveCfg = Release|x86
		{5A42CC70-1271-46F4-B74C-35DAF0A2C0D3}.Release|Mixed Platforms.Build.0 = Release|x86
		{5A42CC70-1271-46F4-B74C-35DAF0A2C0D3}.Release|x86.ActiveCfg = Release|x86
		{5A42CC70-1271-46F4-B74C-35DAF0A2C0D3}.Release|x86.Build.0 = Release|x86
		{5A42CC70-1271-46F4-B74C-35DAF0A2C0D3}.SingleImage|Any CPU.ActiveCfg = Release|x86
		{5A42CC70-1271-46F4-B74C-35DAF0A2C0D3}.SingleImage|Mixed Platforms.ActiveCfg = Release|x86
		{5A42CC70-1271-46F4-B74C-35DAF0A2C0D3}.SingleImage|Mixed Platforms.Build.0 = Release|x86
		{5A42CC70-1271-46F4-B74C-35DAF0A2C0D3}.SingleImage|x86.ActiveCfg = Release|x86
		{5A42CC70-1271-46F4-B74C-35DAF0A2C0D3}.SingleImage|x86.Build.0 = Release|x86
		{20DBB575-D84C-4D8F-9715-E885C85D0299}.CD_ROM|Any CPU.ActiveCfg = Release|x86
		{20DBB575-D84C-4D8F-9715-E885C85D0299}.CD_ROM|Mixed Platforms.ActiveCfg = Release|x86
		{20DBB575-D84C-4D8F-9715-E885C85D0299}.CD_ROM|Mixed Platforms.Build.0 = Release|x86
		{20DBB575-D84C-4D8F-9715-E885C85D0299}.CD_ROM|x86.ActiveCfg = Release|x86
		{20DBB575-D84C-4D8F-9715-E885C85D0299}.CD_ROM|x86.Build.0 = Release|x86
		{20DBB575-D84C-4D8F-9715-E885C85D0299}.Debug|Any CPU.ActiveCfg = Debug|x86
		{20DBB575-D84C-4D8F-9715-E885C85D0299}.Debug|Mixed Platforms.ActiveCfg = Debug|x86
		{20DBB575-D84C-4D8F-9715-E885C85D0299}.Debug|Mixed Platforms.Build.0 = Debug|x86
		{20DBB575-D84C-4D8F-9715-E885C85D0299}.Debug|x86.ActiveCfg = Debug|x86
		{20DBB575-D84C-4D8F-9715-E885C85D0299}.Debug|x86.Build.0 = Debug|x86
		{20DBB575-D84C-4D8F-9715-E885C85D0299}.DVD-5|Any CPU.ActiveCfg = Debug|x86
		{20DBB575-D84C-4D8F-9715-E885C85D0299}.DVD-5|Mixed Platforms.ActiveCfg = Debug|x86
		{20DBB575-D84C-4D8F-9715-E885C85D0299}.DVD-5|Mixed Platforms.Build.0 = Debug|x86
		{20DBB575-D84C-4D8F-9715-E885C85D0299}.DVD-5|x86.ActiveCfg = Debug|x86
		{20DBB575-D84C-4D8F-9715-E885C85D0299}.DVD-5|x86.Build.0 = Debug|x86
		{20DBB575-D84C-4D8F-9715-E885C85D0299}.Release|Any CPU.ActiveCfg = Release|x86
		{20DBB575-D84C-4D8F-9715-E885C85D0299}.Release|Mixed Platforms.ActiveCfg = Release|x86
		{20DBB575-D84C-4D8F-9715-E885C85D0299}.Release|Mixed Platforms.Build.0 = Release|x86
		{20DBB575-D84C-4D8F-9715-E885C85D0299}.Release|x86.ActiveCfg = Release|x86
		{20DBB575-D84C-4D8F-9715-E885C85D0299}.Release|x86.Build.0 = Release|x86
		{20DBB575-D84C-4D8F-9715-E885C85D0299}.SingleImage|Any CPU.ActiveCfg = Release|x86
		{20DBB575-D84C-4D8F-9715-E885C85D0299}.SingleImage|Mixed Platforms.ActiveCfg = Release|x86
		{20DBB575-D84C-4D8F-9715-E885C85D0299}.SingleImage|Mixed Platforms.Build.0 = Release|x86
		{20DBB575-D84C-4D8F-9715-E885C85D0299}.SingleImage|x86.ActiveCfg = Release|x86
		{20DBB575-D84C-4D8F-9715-E885C85D0299}.SingleImage|x86.Build.0 = Release|x86
		{C31DCBEC-4AC3-48BB-8AE8-E323DC887FC4}.CD_ROM|Any CPU.ActiveCfg = Release|x86
		{C31DCBEC-4AC3-48BB-8AE8-E323DC887FC4}.CD_ROM|Mixed Platforms.ActiveCfg = Release|x86
		{C31DCBEC-4AC3-48BB-8AE8-E323DC887FC4}.CD_ROM|Mixed Platforms.Build.0 = Release|x86
		{C31DCBEC-4AC3-48BB-8AE8-E323DC887FC4}.CD_ROM|x86.ActiveCfg = Release|x86
		{C31DCBEC-4AC3-48BB-8AE8-E323DC887FC4}.CD_ROM|x86.Build.0 = Release|x86
		{C31DCBEC-4AC3-48BB-8AE8-E323DC887FC4}.Debug|Any CPU.ActiveCfg = Debug|x86
		{C31DCBEC-4AC3-48BB-8AE8-E323DC887FC4}.Debug|Mixed Platforms.ActiveCfg = Debug|x86
		{C31DCBEC-4AC3-48BB-8AE8-E323DC887FC4}.Debug|Mixed Platforms.Build.0 = Debug|x86
		{C31DCBEC-4AC3-48BB-8AE8-E323DC887FC4}.Debug|x86.ActiveCfg = Debug|x86
		{C31DCBEC-4AC3-48BB-8AE8-E323DC887FC4}.Debug|x86.Build.0 = Debug|x86
		{C31DCBEC-4AC3-48BB-8AE8-E323DC887FC4}.DVD-5|Any CPU.ActiveCfg = Debug|x86
		{C31DCBEC-4AC3-48BB-8AE8-E323DC887FC4}.DVD-5|Mixed Platforms.ActiveCfg = Debug|x86
		{C31DCBEC-4AC3-48BB-8AE8-E323DC887FC4}.DVD-5|Mixed Platforms.Build.0 = Debug|x86
		{C31DCBEC-4AC3-48BB-8AE8-E323DC887FC4}.DVD-5|x86.ActiveCfg = Debug|x86
		{C31DCBEC-4AC3-48BB-8AE8-E323DC887FC4}.DVD-5|x86.Build.0 = Debug|x86
		{C31DCBEC-4AC3-48BB-8AE8-E323DC887FC4}.Release|Any CPU.ActiveCfg = Release|x86
		{C31DCBEC-4AC3-48BB-8AE8-E323DC887FC4}.Release|Mixed Platforms.ActiveCfg = Release|x86
		{C31DCBEC-4AC3-48BB-8AE8-E323DC887FC4}.Release|Mixed Platforms.Build.0 = Release|x86
		{C31DCBEC-4AC3-48BB-8AE8-E323DC887FC4}.Release|x86.ActiveCfg = Release|x86
		{C31DCBEC-4AC3-48BB-8AE8-E323DC887FC4}.Release|x86.Build.0 = Release|x86
		{C31DCBEC-4AC3-48BB-8AE8-E323DC887FC4}.SingleImage|Any CPU.ActiveCfg = Release|x86
		{C31DCBEC-4AC3-48BB-8AE8-E323DC887FC4}.SingleImage|Mixed Platforms.ActiveCfg = Release|x86
		{C31DCBEC-4AC3-48BB-8AE8-E323DC887FC4}.SingleImage|Mixed Platforms.Build.0 = Release|x86
		{C31DCBEC-4AC3-48BB-8AE8-E323DC887FC4}.SingleImage|x86.ActiveCfg = Release|x86
		{C31DCBEC-4AC3-48BB-8AE8-E323DC887FC4}.SingleImage|x86.Build.0 = Release|x86
		{8B39729F-6C28-438C-A936-1C5797CA4D42}.CD_ROM|Any CPU.ActiveCfg = Release|x86
		{8B39729F-6C28-438C-A936-1C5797CA4D42}.CD_ROM|Mixed Platforms.ActiveCfg = Release|x86
		{8B39729F-6C28-438C-A936-1C5797CA4D42}.CD_ROM|Mixed Platforms.Build.0 = Release|x86
		{8B39729F-6C28-438C-A936-1C5797CA4D42}.CD_ROM|x86.ActiveCfg = Release|x86
		{8B39729F-6C28-438C-A936-1C5797CA4D42}.CD_ROM|x86.Build.0 = Release|x86
		{8B39729F-6C28-438C-A936-1C5797CA4D42}.Debug|Any CPU.ActiveCfg = Debug|x86
		{8B39729F-6C28-438C-A936-1C5797CA4D42}.Debug|Mixed Platforms.ActiveCfg = Debug|x86
		{8B39729F-6C28-438C-A936-1C5797CA4D42}.Debug|Mixed Platforms.Build.0 = Debug|x86
		{8B39729F-6C28-438C-A936-1C5797CA4D42}.Debug|x86.ActiveCfg = Debug|x86
		{8B39729F-6C28-438C-A936-1C5797CA4D42}.Debug|x86.Build.0 = Debug|x86
		{8B39729F-6C28-438C-A936-1C5797CA4D42}.DVD-5|Any CPU.ActiveCfg = Debug|x86
		{8B39729F-6C28-438C-A936-1C5797CA4D42}.DVD-5|Mixed Platforms.ActiveCfg = Debug|x86
		{8B39729F-6C28-438C-A936-1C5797CA4D42}.DVD-5|Mixed Platforms.Build.0 = Debug|x86
		{8B39729F-6C28-438C-A936-1C5797CA4D42}.DVD-5|x86.ActiveCfg = Debug|x86
		{8B39729F-6C28-438C-A936-1C5797CA4D42}.DVD-5|x86.Build.0 = Debug|x86
		{8B39729F-6C28-438C-A936-1C5797CA4D42}.Release|Any CPU.ActiveCfg = Release|x86
		{8B39729F-6C28-438C-A936-1C5797CA4D42}.Release|Mixed Platforms.ActiveCfg = Release|x86
		{8B39729F-6C28-438C-A936-1C5797CA4D42}.Release|Mixed Platforms.Build.0 = Release|x86
		{8B39729F-6C28-438C-A936-1C5797CA4D42}.Release|x86.ActiveCfg = Release|x86
		{8B39729F-6C28-438C-A936-1C5797CA4D42}.Release|x86.Build.0 = Release|x86
		{8B39729F-6C28-438C-A936-1C5797CA4D42}.SingleImage|Any CPU.ActiveCfg = Release|x86
		{8B39729F-6C28-438C-A936-1C5797CA4D42}.SingleImage|Mixed Platforms.ActiveCfg = Release|x86
		{8B39729F-6C28-438C-A936-1C5797CA4D42}.SingleImage|Mixed Platforms.Build.0 = Release|x86
		{8B39729F-6C28-438C-A936-1C5797CA4D42}.SingleImage|x86.ActiveCfg = Release|x86
		{8B39729F-6C28-438C-A936-1C5797CA4D42}.SingleImage|x86.Build.0 = Release|x86
		{DD41718E-23D8-4E05-B879-63B88BD6A5AC}.CD_ROM|Any CPU.ActiveCfg = Release|x86
		{DD41718E-23D8-4E05-B879-63B88BD6A5AC}.CD_ROM|Mixed Platforms.ActiveCfg = Release|x86
		{DD41718E-23D8-4E05-B879-63B88BD6A5AC}.CD_ROM|Mixed Platforms.Build.0 = Release|x86
		{DD41718E-23D8-4E05-B879-63B88BD6A5AC}.CD_ROM|x86.ActiveCfg = Release|x86
		{DD41718E-23D8-4E05-B879-63B88BD6A5AC}.CD_ROM|x86.Build.0 = Release|x86
		{DD41718E-23D8-4E05-B879-63B88BD6A5AC}.Debug|Any CPU.ActiveCfg = Debug|x86
		{DD41718E-23D8-4E05-B879-63B88BD6A5AC}.Debug|Mixed Platforms.ActiveCfg = Debug|x86
		{DD41718E-23D8-4E05-B879-63B88BD6A5AC}.Debug|Mixed Platforms.Build.0 = Debug|x86
		{DD41718E-23D8-4E05-B879-63B88BD6A5AC}.Debug|x86.ActiveCfg = Debug|x86
		{DD41718E-23D8-4E05-B879-63B88BD6A5AC}.Debug|x86.Build.0 = Debug|x86
		{DD41718E-23D8-4E05-B879-63B88BD6A5AC}.DVD-5|Any CPU.ActiveCfg = Debug|x86
		{DD41718E-23D8-4E05-B879-63B88BD6A5AC}.DVD-5|Mixed Platforms.ActiveCfg = Debug|x86
		{DD41718E-23D8-4E05-B879-63B88BD6A5AC}.DVD-5|Mixed Platforms.Build.0 = Debug|x86
		{DD41718E-23D8-4E05-B879-63B88BD6A5AC}.DVD-5|x86.ActiveCfg = Debug|x86
		{DD41718E-23D8-4E05-B879-63B88BD6A5AC}.DVD-5|x86.Build.0 = Debug|x86
		{DD41718E-23D8-4E05-B879-63B88BD6A5AC}.Release|Any CPU.ActiveCfg = Release|x86
		{DD41718E-23D8-4E05-B879-63B88BD6A5AC}.Release|Mixed Platforms.ActiveCfg = Release|x86
		{DD41718E-23D8-4E05-B879-63B88BD6A5AC}.Release|Mixed Platforms.Build.0 = Release|x86
		{DD41718E-23D8-4E05-B879-63B88BD6A5AC}.Release|x86.ActiveCfg = Release|x86
		{DD41718E-23D8-4E05-B879-63B88BD6A5AC}.Release|x86.Build.0 = Release|x86
		{DD41718E-23D8-4E05-B879-63B88BD6A5AC}.SingleImage|Any CPU.ActiveCfg = Release|x86
		{DD41718E-23D8-4E05-B879-63B88BD6A5AC}.SingleImage|Mixed Platforms.ActiveCfg = Release|x86
		{DD41718E-23D8-4E05-B879-63B88BD6A5AC}.SingleImage|Mixed Platforms.Build.0 = Release|x86
		{DD41718E-23D8-4E05-B879-63B88BD6A5AC}.SingleImage|x86.ActiveCfg = Release|x86
		{DD41718E-23D8-4E05-B879-63B88BD6A5AC}.SingleImage|x86.Build.0 = Release|x86
		{35E2B05F-477B-4223-9F2B-A16B82203BCC}.CD_ROM|Any CPU.ActiveCfg = CD_ROM
		{35E2B05F-477B-4223-9F2B-A16B82203BCC}.CD_ROM|Any CPU.Build.0 = CD_ROM
		{35E2B05F-477B-4223-9F2B-A16B82203BCC}.CD_ROM|Mixed Platforms.ActiveCfg = CD_ROM
		{35E2B05F-477B-4223-9F2B-A16B82203BCC}.CD_ROM|Mixed Platforms.Build.0 = CD_ROM
		{35E2B05F-477B-4223-9F2B-A16B82203BCC}.CD_ROM|x86.ActiveCfg = CD_ROM
		{35E2B05F-477B-4223-9F2B-A16B82203BCC}.CD_ROM|x86.Build.0 = CD_ROM
		{35E2B05F-477B-4223-9F2B-A16B82203BCC}.Debug|Any CPU.ActiveCfg = DVD-5
		{35E2B05F-477B-4223-9F2B-A16B82203BCC}.Debug|Any CPU.Build.0 = DVD-5
		{35E2B05F-477B-4223-9F2B-A16B82203BCC}.Debug|Mixed Platforms.ActiveCfg = DVD-5
		{35E2B05F-477B-4223-9F2B-A16B82203BCC}.Debug|x86.ActiveCfg = DVD-5
		{35E2B05F-477B-4223-9F2B-A16B82203BCC}.Debug|x86.Build.0 = DVD-5
		{35E2B05F-477B-4223-9F2B-A16B82203BCC}.DVD-5|Any CPU.ActiveCfg = DVD-5
		{35E2B05F-477B-4223-9F2B-A16B82203BCC}.DVD-5|Any CPU.Build.0 = DVD-5
		{35E2B05F-477B-4223-9F2B-A16B82203BCC}.DVD-5|Mixed Platforms.ActiveCfg = DVD-5
		{35E2B05F-477B-4223-9F2B-A16B82203BCC}.DVD-5|Mixed Platforms.Build.0 = DVD-5
		{35E2B05F-477B-4223-9F2B-A16B82203BCC}.DVD-5|x86.ActiveCfg = DVD-5
		{35E2B05F-477B-4223-9F2B-A16B82203BCC}.DVD-5|x86.Build.0 = DVD-5
		{35E2B05F-477B-4223-9F2B-A16B82203BCC}.Release|Any CPU.ActiveCfg = SingleImage
		{35E2B05F-477B-4223-9F2B-A16B82203BCC}.Release|Any CPU.Build.0 = SingleImage
		{35E2B05F-477B-4223-9F2B-A16B82203BCC}.Release|Mixed Platforms.ActiveCfg = CD_ROM
		{35E2B05F-477B-4223-9F2B-A16B82203BCC}.Release|x86.ActiveCfg = SingleImage
		{35E2B05F-477B-4223-9F2B-A16B82203BCC}.Release|x86.Build.0 = SingleImage
		{35E2B05F-477B-4223-9F2B-A16B82203BCC}.SingleImage|Any CPU.ActiveCfg = SingleImage
		{35E2B05F-477B-4223-9F2B-A16B82203BCC}.SingleImage|Any CPU.Build.0 = SingleImage
		{35E2B05F-477B-4223-9F2B-A16B82203BCC}.SingleImage|Mixed Platforms.ActiveCfg = SingleImage
		{35E2B05F-477B-4223-9F2B-A16B82203BCC}.SingleImage|Mixed Platforms.Build.0 = SingleImage
		{35E2B05F-477B-4223-9F2B-A16B82203BCC}.SingleImage|x86.ActiveCfg = SingleImage
		{35E2B05F-477B-4223-9F2B-A16B82203BCC}.SingleImage|x86.Build.0 = SingleImage
	EndGlobalSection
	GlobalSection(SolutionProperties) = preSolution
		HideSolutionNode = FALSE
	EndGlobalSection
EndGlobal
